<Project ToolsVersion="4.0" xmlns="http://schemas.microsoft.com/developer/msbuild/2003">
  <ItemGroup>
    <Filter Include="Source Files">
      <UniqueIdentifier>{4FC737F1-C7A5-4376-A066-2A32D752A2FF}</UniqueIdentifier>
      <Extensions>cpp;c;cc;cxx;def;odl;idl;hpj;bat;asm;asmx</Extensions>
    </Filter>
    <Filter Include="Header Files">
      <UniqueIdentifier>{93995380-89BD-4b04-88EB-625FBE52EBFB}</UniqueIdentifier>
      <Extensions>h;hpp;hxx;hm;inl;inc;xsd</Extensions>
    </Filter>
    <Filter Include="Resource Files">
      <UniqueIdentifier>{67DA6AB6-F800-4c08-8B7A-83BB121AAD01}</UniqueIdentifier>
      <Extensions>rc;ico;cur;bmp;dlg;rc2;rct;bin;rgs;gif;jpg;jpeg;jpe;resx;tiff;tif;png;wav</Extensions>
    </Filter>
    <Filter Include="Blocks">
      <UniqueIdentifier>{521CBB03-75BC-446C-B8FB-70A8892767E3}</UniqueIdentifier>
    </Filter>
    <Filter Include="Blocks\OpenCV3">
      <UniqueIdentifier>{D659EDA7-932D-4798-A2B4-7ABF63EA51E3}</UniqueIdentifier>
    </Filter>
    <Filter Include="Blocks\OpenCV3\include">
      <UniqueIdentifier>{1427B082-AB0C-43BC-BA76-6F958D987F3A}</UniqueIdentifier>
    </Filter>
    <Filter Include="Blocks\Cinder-RealSense2">
      <UniqueIdentifier>{5D62DBAE-09CE-431A-B14C-E27DCC24A9BC}</UniqueIdentifier>
    </Filter>
    <Filter Include="Blocks\Cinder-RealSense2\include">
      <UniqueIdentifier>{030D0731-7C76-42F0-805B-71A816DF100B}</UniqueIdentifier>
    </Filter>
    <Filter Include="Blocks\Cinder-RealSense2\include\librealsense2">
      <UniqueIdentifier>{A472A748-A27F-47FF-B7E4-3F425EC56C83}</UniqueIdentifier>
    </Filter>
    <Filter Include="Blocks\Cinder-RealSense2\include\librealsense2\h">
      <UniqueIdentifier>{C1215F58-0D6C-4373-8BBC-2331A5E71A7B}</UniqueIdentifier>
    </Filter>
    <Filter Include="Blocks\Cinder-RealSense2\include\librealsense2\hpp">
      <UniqueIdentifier>{2DE127E2-8157-469C-AD47-1C82735FE69F}</UniqueIdentifier>
    </Filter>
    <Filter Include="Blocks\Cinder-RealSense2\include\librealsense2-gl">
      <UniqueIdentifier>{82AA1A14-E3A8-4AFD-B439-338F3DB1BB59}</UniqueIdentifier>
    </Filter>
  </ItemGroup>
  <ItemGroup>
    <ClCompile Include="..\src\RsCvTestApp.cpp">
      <Filter>Source Files</Filter>
    </ClCompile>
    <ClCompile Include="..\src\RsCvTestApp.cpp">
      <Filter>Source Files</Filter>
    </ClCompile>
    <ClInclude Include="..\include\Resources.h">
      <Filter>Header Files</Filter>
    </ClInclude>
    <ClInclude Include="..\..\..\..\..\..\lib\Cinder\blocks\Cinder-OpenCV3\include\CinderOpenCV.h">
      <Filter>Blocks\OpenCV3\include</Filter>
    </ClInclude>
    <ClInclude Include="..\..\..\..\..\..\lib\Cinder\blocks\Cinder-RealSense2\include\librealsense2\rs.h">
      <Filter>Blocks\Cinder-RealSense2\include\librealsense2</Filter>
    </ClInclude>
    <ClInclude Include="..\..\..\..\..\..\lib\Cinder\blocks\Cinder-RealSense2\include\librealsense2\rs_advanced_mode.h">
      <Filter>Blocks\Cinder-RealSense2\include\librealsense2</Filter>
    </ClInclude>
    <ClInclude Include="..\..\..\..\..\..\lib\Cinder\blocks\Cinder-RealSense2\include\librealsense2\rsutil.h">
      <Filter>Blocks\Cinder-RealSense2\include\librealsense2</Filter>
    </ClInclude>
    <ClInclude Include="..\..\..\..\..\..\lib\Cinder\blocks\Cinder-RealSense2\include\librealsense2\rs.hpp">
      <Filter>Blocks\Cinder-RealSense2\include\librealsense2</Filter>
    </ClInclude>
    <ClInclude Include="..\..\..\..\..\..\lib\Cinder\blocks\Cinder-RealSense2\include\librealsense2\rs_advanced_mode.hpp">
      <Filter>Blocks\Cinder-RealSense2\include\librealsense2</Filter>
    </ClInclude>
    <ClInclude Include="..\..\..\..\..\..\lib\Cinder\blocks\Cinder-RealSense2\include\librealsense2\h\rs_advanced_mode_command.h">
      <Filter>Blocks\Cinder-RealSense2\include\librealsense2\h</Filter>
    </ClInclude>
    <ClInclude Include="..\..\..\..\..\..\lib\Cinder\blocks\Cinder-RealSense2\include\librealsense2\h\rs_config.h">
      <Filter>Blocks\Cinder-RealSense2\include\librealsense2\h</Filter>
    </ClInclude>
    <ClInclude Include="..\..\..\..\..\..\lib\Cinder\blocks\Cinder-RealSense2\include\librealsense2\h\rs_context.h">
      <Filter>Blocks\Cinder-RealSense2\include\librealsense2\h</Filter>
    </ClInclude>
    <ClInclude Include="..\..\..\..\..\..\lib\Cinder\blocks\Cinder-RealSense2\include\librealsense2\h\rs_device.h">
      <Filter>Blocks\Cinder-RealSense2\include\librealsense2\h</Filter>
    </ClInclude>
    <ClInclude Include="..\..\..\..\..\..\lib\Cinder\blocks\Cinder-RealSense2\include\librealsense2\h\rs_frame.h">
      <Filter>Blocks\Cinder-RealSense2\include\librealsense2\h</Filter>
    </ClInclude>
    <ClInclude Include="..\..\..\..\..\..\lib\Cinder\blocks\Cinder-RealSense2\include\librealsense2\h\rs_internal.h">
      <Filter>Blocks\Cinder-RealSense2\include\librealsense2\h</Filter>
    </ClInclude>
    <ClInclude Include="..\..\..\..\..\..\lib\Cinder\blocks\Cinder-RealSense2\include\librealsense2\h\rs_option.h">
      <Filter>Blocks\Cinder-RealSense2\include\librealsense2\h</Filter>
    </ClInclude>
    <ClInclude Include="..\..\..\..\..\..\lib\Cinder\blocks\Cinder-RealSense2\include\librealsense2\h\rs_pipeline.h">
      <Filter>Blocks\Cinder-RealSense2\include\librealsense2\h</Filter>
    </ClInclude>
    <ClInclude Include="..\..\..\..\..\..\lib\Cinder\blocks\Cinder-RealSense2\include\librealsense2\h\rs_processing.h">
      <Filter>Blocks\Cinder-RealSense2\include\librealsense2\h</Filter>
    </ClInclude>
    <ClInclude Include="..\..\..\..\..\..\lib\Cinder\blocks\Cinder-RealSense2\include\librealsense2\h\rs_record_playback.h">
      <Filter>Blocks\Cinder-RealSense2\include\librealsense2\h</Filter>
    </ClInclude>
    <ClInclude Include="..\..\..\..\..\..\lib\Cinder\blocks\Cinder-RealSense2\include\librealsense2\h\rs_sensor.h">
      <Filter>Blocks\Cinder-RealSense2\include\librealsense2\h</Filter>
    </ClInclude>
    <ClInclude Include="..\..\..\..\..\..\lib\Cinder\blocks\Cinder-RealSense2\include\librealsense2\h\rs_types.h">
      <Filter>Blocks\Cinder-RealSense2\include\librealsense2\h</Filter>
    </ClInclude>
    <ClInclude Include="..\..\..\..\..\..\lib\Cinder\blocks\Cinder-RealSense2\include\librealsense2\hpp\rs_context.hpp">
      <Filter>Blocks\Cinder-RealSense2\include\librealsense2\hpp</Filter>
    </ClInclude>
    <ClInclude Include="..\..\..\..\..\..\lib\Cinder\blocks\Cinder-RealSense2\include\librealsense2\hpp\rs_device.hpp">
      <Filter>Blocks\Cinder-RealSense2\include\librealsense2\hpp</Filter>
    </ClInclude>
    <ClInclude Include="..\..\..\..\..\..\lib\Cinder\blocks\Cinder-RealSense2\include\librealsense2\hpp\rs_export.hpp">
      <Filter>Blocks\Cinder-RealSense2\include\librealsense2\hpp</Filter>
    </ClInclude>
    <ClInclude Include="..\..\..\..\..\..\lib\Cinder\blocks\Cinder-RealSense2\include\librealsense2\hpp\rs_frame.hpp">
      <Filter>Blocks\Cinder-RealSense2\include\librealsense2\hpp</Filter>
    </ClInclude>
    <ClInclude Include="..\..\..\..\..\..\lib\Cinder\blocks\Cinder-RealSense2\include\librealsense2\hpp\rs_internal.hpp">
      <Filter>Blocks\Cinder-RealSense2\include\librealsense2\hpp</Filter>
    </ClInclude>
    <ClInclude Include="..\..\..\..\..\..\lib\Cinder\blocks\Cinder-RealSense2\include\librealsense2\hpp\rs_options.hpp">
      <Filter>Blocks\Cinder-RealSense2\include\librealsense2\hpp</Filter>
    </ClInclude>
    <ClInclude Include="..\..\..\..\..\..\lib\Cinder\blocks\Cinder-RealSense2\include\librealsense2\hpp\rs_pipeline.hpp">
      <Filter>Blocks\Cinder-RealSense2\include\librealsense2\hpp</Filter>
    </ClInclude>
    <ClInclude Include="..\..\..\..\..\..\lib\Cinder\blocks\Cinder-RealSense2\include\librealsense2\hpp\rs_processing.hpp">
      <Filter>Blocks\Cinder-RealSense2\include\librealsense2\hpp</Filter>
    </ClInclude>
    <ClInclude Include="..\..\..\..\..\..\lib\Cinder\blocks\Cinder-RealSense2\include\librealsense2\hpp\rs_record_playback.hpp">
      <Filter>Blocks\Cinder-RealSense2\include\librealsense2\hpp</Filter>
    </ClInclude>
    <ClInclude Include="..\..\..\..\..\..\lib\Cinder\blocks\Cinder-RealSense2\include\librealsense2\hpp\rs_sensor.hpp">
      <Filter>Blocks\Cinder-RealSense2\include\librealsense2\hpp</Filter>
    </ClInclude>
    <ClInclude Include="..\..\..\..\..\..\lib\Cinder\blocks\Cinder-RealSense2\include\librealsense2\hpp\rs_serializable_device.hpp">
      <Filter>Blocks\Cinder-RealSense2\include\librealsense2\hpp</Filter>
    </ClInclude>
    <ClInclude Include="..\..\..\..\..\..\lib\Cinder\blocks\Cinder-RealSense2\include\librealsense2\hpp\rs_types.hpp">
      <Filter>Blocks\Cinder-RealSense2\include\librealsense2\hpp</Filter>
    </ClInclude>
    <ClInclude Include="..\..\..\..\..\..\lib\Cinder\blocks\Cinder-RealSense2\include\librealsense2-gl\rs_processing_gl.h">
      <Filter>Blocks\Cinder-RealSense2\include\librealsense2-gl</Filter>
    </ClInclude>
    <ClInclude Include="..\..\..\..\..\..\lib\Cinder\blocks\Cinder-RealSense2\include\librealsense2-gl\rs_processing_gl.hpp">
      <Filter>Blocks\Cinder-RealSense2\include\librealsense2-gl</Filter>
    </ClInclude>
  </ItemGroup>
  <ItemGroup>
    <ClInclude Include="..\include\Resources.h">
      <Filter>Header Files</Filter>
    </ClInclude>
  </ItemGroup>
  <ItemGroup>
    <ResourceCompile Include="Resources.rc">
      <Filter>Resource Files</Filter>
    </ResourceCompile>
  </ItemGroup>
</Project>
