<Project ToolsVersion="4.0" xmlns="http://schemas.microsoft.com/developer/msbuild/2003">
  <ItemGroup>
    <Filter Include="Source Files">
      <UniqueIdentifier>{4FC737F1-C7A5-4376-A066-2A32D752A2FF}</UniqueIdentifier>
      <Extensions>cpp;c;cc;cxx;def;odl;idl;hpj;bat;asm;asmx</Extensions>
    </Filter>
    <Filter Include="Header Files">
      <UniqueIdentifier>{93995380-89BD-4b04-88EB-625FBE52EBFB}</UniqueIdentifier>
      <Extensions>h;hpp;hxx;hm;inl;inc;xsd</Extensions>
    </Filter>
    <Filter Include="Resource Files">
      <UniqueIdentifier>{67DA6AB6-F800-4c08-8B7A-83BB121AAD01}</UniqueIdentifier>
      <Extensions>rc;ico;cur;bmp;dlg;rc2;rct;bin;rgs;gif;jpg;jpeg;jpe;resx;tiff;tif;png;wav</Extensions>
    </Filter>
    <Filter Include="Blocks">
      <UniqueIdentifier>{8D997239-5017-4EC3-9072-374371D0476F}</UniqueIdentifier>
    </Filter>
    <Filter Include="Blocks\Cinder-RealSense2">
      <UniqueIdentifier>{47383FF9-E88C-49AE-95B9-718DBD573221}</UniqueIdentifier>
    </Filter>
    <Filter Include="Blocks\Cinder-RealSense2\include">
      <UniqueIdentifier>{0B3AC056-7759-487C-9B98-6E77A875B140}</UniqueIdentifier>
    </Filter>
    <Filter Include="Blocks\Cinder-RealSense2\include\librealsense2">
      <UniqueIdentifier>{9D0B59EE-F4A6-44FA-A06A-193D63399D69}</UniqueIdentifier>
    </Filter>
    <Filter Include="Blocks\Cinder-RealSense2\include\librealsense2\h">
      <UniqueIdentifier>{D652AD09-1293-412D-BD73-1DB23F4D98D5}</UniqueIdentifier>
    </Filter>
    <Filter Include="Blocks\Cinder-RealSense2\include\librealsense2\hpp">
      <UniqueIdentifier>{7700863A-FD16-4CB0-8884-1772438D173D}</UniqueIdentifier>
    </Filter>
    <Filter Include="Blocks\Cinder-RealSense2\include\librealsense2-gl">
      <UniqueIdentifier>{46AF8066-CD02-4664-995D-8C9BAB2F36AA}</UniqueIdentifier>
    </Filter>
  </ItemGroup>
  <ItemGroup>
    <ClCompile Include="..\src\RealSenseTestApp.cpp">
      <Filter>Source Files</Filter>
    </ClCompile>
    <ClCompile Include="..\src\RealSenseTestApp.cpp">
      <Filter>Source Files</Filter>
    </ClCompile>
    <ClInclude Include="..\include\Resources.h">
      <Filter>Header Files</Filter>
    </ClInclude>
    <ClInclude Include="..\..\..\..\..\..\lib\Cinder\blocks\Cinder-RealSense2\include\librealsense2\rs.h">
      <Filter>Blocks\Cinder-RealSense2\include\librealsense2</Filter>
    </ClInclude>
    <ClInclude Include="..\..\..\..\..\..\lib\Cinder\blocks\Cinder-RealSense2\include\librealsense2\rs_advanced_mode.h">
      <Filter>Blocks\Cinder-RealSense2\include\librealsense2</Filter>
    </ClInclude>
    <ClInclude Include="..\..\..\..\..\..\lib\Cinder\blocks\Cinder-RealSense2\include\librealsense2\rsutil.h">
      <Filter>Blocks\Cinder-RealSense2\include\librealsense2</Filter>
    </ClInclude>
    <ClInclude Include="..\..\..\..\..\..\lib\Cinder\blocks\Cinder-RealSense2\include\librealsense2\rs.hpp">
      <Filter>Blocks\Cinder-RealSense2\include\librealsense2</Filter>
    </ClInclude>
    <ClInclude Include="..\..\..\..\..\..\lib\Cinder\blocks\Cinder-RealSense2\include\librealsense2\rs_advanced_mode.hpp">
      <Filter>Blocks\Cinder-RealSense2\include\librealsense2</Filter>
    </ClInclude>
    <ClInclude Include="..\..\..\..\..\..\lib\Cinder\blocks\Cinder-RealSense2\include\librealsense2\h\rs_advanced_mode_command.h">
      <Filter>Blocks\Cinder-RealSense2\include\librealsense2\h</Filter>
    </ClInclude>
    <ClInclude Include="..\..\..\..\..\..\lib\Cinder\blocks\Cinder-RealSense2\include\librealsense2\h\rs_config.h">
      <Filter>Blocks\Cinder-RealSense2\include\librealsense2\h</Filter>
    </ClInclude>
    <ClInclude Include="..\..\..\..\..\..\lib\Cinder\blocks\Cinder-RealSense2\include\librealsense2\h\rs_context.h">
      <Filter>Blocks\Cinder-RealSense2\include\librealsense2\h</Filter>
    </ClInclude>
    <ClInclude Include="..\..\..\..\..\..\lib\Cinder\blocks\Cinder-RealSense2\include\librealsense2\h\rs_device.h">
      <Filter>Blocks\Cinder-RealSense2\include\librealsense2\h</Filter>
    </ClInclude>
    <ClInclude Include="..\..\..\..\..\..\lib\Cinder\blocks\Cinder-RealSense2\include\librealsense2\h\rs_frame.h">
      <Filter>Blocks\Cinder-RealSense2\include\librealsense2\h</Filter>
    </ClInclude>
    <ClInclude Include="..\..\..\..\..\..\lib\Cinder\blocks\Cinder-RealSense2\include\librealsense2\h\rs_internal.h">
      <Filter>Blocks\Cinder-RealSense2\include\librealsense2\h</Filter>
    </ClInclude>
    <ClInclude Include="..\..\..\..\..\..\lib\Cinder\blocks\Cinder-RealSense2\include\librealsense2\h\rs_option.h">
      <Filter>Blocks\Cinder-RealSense2\include\librealsense2\h</Filter>
    </ClInclude>
    <ClInclude Include="..\..\..\..\..\..\lib\Cinder\blocks\Cinder-RealSense2\include\librealsense2\h\rs_pipeline.h">
      <Filter>Blocks\Cinder-RealSense2\include\librealsense2\h</Filter>
    </ClInclude>
    <ClInclude Include="..\..\..\..\..\..\lib\Cinder\blocks\Cinder-RealSense2\include\librealsense2\h\rs_processing.h">
      <Filter>Blocks\Cinder-RealSense2\include\librealsense2\h</Filter>
    </ClInclude>
    <ClInclude Include="..\..\..\..\..\..\lib\Cinder\blocks\Cinder-RealSense2\include\librealsense2\h\rs_record_playback.h">
      <Filter>Blocks\Cinder-RealSense2\include\librealsense2\h</Filter>
    </ClInclude>
    <ClInclude Include="..\..\..\..\..\..\lib\Cinder\blocks\Cinder-RealSense2\include\librealsense2\h\rs_sensor.h">
      <Filter>Blocks\Cinder-RealSense2\include\librealsense2\h</Filter>
    </ClInclude>
    <ClInclude Include="..\..\..\..\..\..\lib\Cinder\blocks\Cinder-RealSense2\include\librealsense2\h\rs_types.h">
      <Filter>Blocks\Cinder-RealSense2\include\librealsense2\h</Filter>
    </ClInclude>
    <ClInclude Include="..\..\..\..\..\..\lib\Cinder\blocks\Cinder-RealSense2\include\librealsense2\hpp\rs_context.hpp">
      <Filter>Blocks\Cinder-RealSense2\include\librealsense2\hpp</Filter>
    </ClInclude>
    <ClInclude Include="..\..\..\..\..\..\lib\Cinder\blocks\Cinder-RealSense2\include\librealsense2\hpp\rs_device.hpp">
      <Filter>Blocks\Cinder-RealSense2\include\librealsense2\hpp</Filter>
    </ClInclude>
    <ClInclude Include="..\..\..\..\..\..\lib\Cinder\blocks\Cinder-RealSense2\include\librealsense2\hpp\rs_export.hpp">
      <Filter>Blocks\Cinder-RealSense2\include\librealsense2\hpp</Filter>
    </ClInclude>
    <ClInclude Include="..\..\..\..\..\..\lib\Cinder\blocks\Cinder-RealSense2\include\librealsense2\hpp\rs_frame.hpp">
      <Filter>Blocks\Cinder-RealSense2\include\librealsense2\hpp</Filter>
    </ClInclude>
    <ClInclude Include="..\..\..\..\..\..\lib\Cinder\blocks\Cinder-RealSense2\include\librealsense2\hpp\rs_internal.hpp">
      <Filter>Blocks\Cinder-RealSense2\include\librealsense2\hpp</Filter>
    </ClInclude>
    <ClInclude Include="..\..\..\..\..\..\lib\Cinder\blocks\Cinder-RealSense2\include\librealsense2\hpp\rs_options.hpp">
      <Filter>Blocks\Cinder-RealSense2\include\librealsense2\hpp</Filter>
    </ClInclude>
    <ClInclude Include="..\..\..\..\..\..\lib\Cinder\blocks\Cinder-RealSense2\include\librealsense2\hpp\rs_pipeline.hpp">
      <Filter>Blocks\Cinder-RealSense2\include\librealsense2\hpp</Filter>
    </ClInclude>
    <ClInclude Include="..\..\..\..\..\..\lib\Cinder\blocks\Cinder-RealSense2\include\librealsense2\hpp\rs_processing.hpp">
      <Filter>Blocks\Cinder-RealSense2\include\librealsense2\hpp</Filter>
    </ClInclude>
    <ClInclude Include="..\..\..\..\..\..\lib\Cinder\blocks\Cinder-RealSense2\include\librealsense2\hpp\rs_record_playback.hpp">
      <Filter>Blocks\Cinder-RealSense2\include\librealsense2\hpp</Filter>
    </ClInclude>
    <ClInclude Include="..\..\..\..\..\..\lib\Cinder\blocks\Cinder-RealSense2\include\librealsense2\hpp\rs_sensor.hpp">
      <Filter>Blocks\Cinder-RealSense2\include\librealsense2\hpp</Filter>
    </ClInclude>
    <ClInclude Include="..\..\..\..\..\..\lib\Cinder\blocks\Cinder-RealSense2\include\librealsense2\hpp\rs_serializable_device.hpp">
      <Filter>Blocks\Cinder-RealSense2\include\librealsense2\hpp</Filter>
    </ClInclude>
    <ClInclude Include="..\..\..\..\..\..\lib\Cinder\blocks\Cinder-RealSense2\include\librealsense2\hpp\rs_types.hpp">
      <Filter>Blocks\Cinder-RealSense2\include\librealsense2\hpp</Filter>
    </ClInclude>
    <ClInclude Include="..\..\..\..\..\..\lib\Cinder\blocks\Cinder-RealSense2\include\librealsense2-gl\rs_processing_gl.h">
      <Filter>Blocks\Cinder-RealSense2\include\librealsense2-gl</Filter>
    </ClInclude>
    <ClInclude Include="..\..\..\..\..\..\lib\Cinder\blocks\Cinder-RealSense2\include\librealsense2-gl\rs_processing_gl.hpp">
      <Filter>Blocks\Cinder-RealSense2\include\librealsense2-gl</Filter>
    </ClInclude>
  </ItemGroup>
  <ItemGroup>
    <ClInclude Include="..\include\Resources.h">
      <Filter>Header Files</Filter>
    </ClInclude>
  </ItemGroup>
  <ItemGroup>
    <ResourceCompile Include="Resources.rc">
      <Filter>Resource Files</Filter>
    </ResourceCompile>
  </ItemGroup>
</Project>
