Microsoft Visual Studio Solution File, Format Version 12.00
# Visual Studio Version 16
Project("{8BC9CEB8-8B4A-11D0-8D11-00A0C91BC942}") = "RealSenseTest", "RealSenseTest.vcxproj", "{E7596A29-EDE7-4016-8CB9-88D7E8BA95C9}"
EndProject
Global
	GlobalSection(SolutionConfigurationPlatforms) = preSolution
		Debug|x64 = Debug|x64
		Release|x64 = Release|x64
	EndGlobalSection
	GlobalSection(ProjectConfigurationPlatforms) = postSolution
		{E7596A29-EDE7-4016-8CB9-88D7E8BA95C9}.Debug|x64.ActiveCfg = Debug|x64
		{E7596A29-EDE7-4016-8CB9-88D7E8BA95C9}.Debug|x64.Build.0 = Debug|x64
		{E7596A29-EDE7-4016-8CB9-88D7E8BA95C9}.Release|x64.ActiveCfg = Release|x64
		{E7596A29-EDE7-4016-8CB9-88D7E8BA95C9}.Release|x64.Build.0 = Release|x64
	EndGlobalSection
	GlobalSection(SolutionProperties) = preSolution
		HideSolutionNode = FALSE
	EndGlobalSection
EndGlobal
